
Microsoft Visual Studio Solution File, Format Version 12.00
# Visual Studio Version 16
VisualStudioVersion = 16.0.30011.22
MinimumVisualStudioVersion = 10.0.40219.1
Project("{FAE04EC0-301F-11D3-BF4B-00C04F79EFBC}") = "UpdateToken", "UpdateToken\UpdateToken.csproj", "{C5F52BAA-CA4B-4737-991F-D15256C6E374}"
EndProject
Global
	GlobalSection(SolutionConfigurationPlatforms) = preSolution
		Debug|Any CPU = Debug|Any CPU
		Release|Any CPU = Release|Any CPU
	EndGlobalSection
	GlobalSection(ProjectConfigurationPlatforms) = postSolution
		{C5F52BAA-CA4B-4737-991F-D15256C6E374}.Debug|Any CPU.ActiveCfg = Debug|Any CPU
		{C5F52BAA-CA4B-4737-991F-D15256C6E374}.Debug|Any CPU.Build.0 = Debug|Any CPU
		{C5F52BAA-CA4B-4737-991F-D15256C6E374}.Release|Any CPU.ActiveCfg = Release|Any CPU
		{C5F52BAA-CA4B-4737-991F-D15256C6E374}.Release|Any CPU.Build.0 = Release|Any CPU
	EndGlobalSection
	GlobalSection(SolutionProperties) = preSolution
		HideSolutionNode = FALSE
	EndGlobalSection
	GlobalSection(ExtensibilityGlobals) = postSolution
		SolutionGuid = {791DE643-AF76-418B-A681-31E0CD832184}
	EndGlobalSection
EndGlobal
